version = 1
requires-python = ">=3.11"

[[package]]
name = "bcrypt"
version = "4.2.1"
source = { registry = "https://pypi.org/simple" }
sdist = { url = "https://files.pythonhosted.org/packages/56/8c/dd696962612e4cd83c40a9e6b3db77bfe65a830f4b9af44098708584686c/bcrypt-4.2.1.tar.gz", hash = "sha256:6765386e3ab87f569b276988742039baab087b2cdb01e809d74e74503c2faafe", size = 24427 }
wheels = [
    { url = "https://files.pythonhosted.org/packages/bc/ca/e17b08c523adb93d5f07a226b2bd45a7c6e96b359e31c1e99f9db58cb8c3/bcrypt-4.2.1-cp37-abi3-macosx_10_12_universal2.whl", hash = "sha256:1340411a0894b7d3ef562fb233e4b6ed58add185228650942bdc885362f32c17", size = 489982 },
    { url = "https://files.pythonhosted.org/packages/6a/be/e7c6e0fd6087ee8fc6d77d8d9e817e9339d879737509019b9a9012a1d96f/bcrypt-4.2.1-cp37-abi3-manylinux_2_17_aarch64.manylinux2014_aarch64.whl", hash = "sha256:b1ee315739bc8387aa36ff127afc99120ee452924e0df517a8f3e4c0187a0f5f", size = 273108 },
    { url = "https://files.pythonhosted.org/packages/d6/53/ac084b7d985aee1a5f2b086d501f550862596dbf73220663b8c17427e7f2/bcrypt-4.2.1-cp37-abi3-manylinux_2_17_x86_64.manylinux2014_x86_64.whl", hash = "sha256:8dbd0747208912b1e4ce730c6725cb56c07ac734b3629b60d4398f082ea718ad", size = 278733 },
    { url = "https://files.pythonhosted.org/packages/8e/ab/b8710a3d6231c587e575ead0b1c45bb99f5454f9f579c9d7312c17b069cc/bcrypt-4.2.1-cp37-abi3-manylinux_2_28_aarch64.whl", hash = "sha256:aaa2e285be097050dba798d537b6efd9b698aa88eef52ec98d23dcd6d7cf6fea", size = 273856 },
    { url = "https://files.pythonhosted.org/packages/9d/e5/2fd1ea6395358ffdfd4afe370d5b52f71408f618f781772a48971ef3b92b/bcrypt-4.2.1-cp37-abi3-manylinux_2_28_x86_64.whl", hash = "sha256:76d3e352b32f4eeb34703370e370997065d28a561e4a18afe4fef07249cb4396", size = 279067 },
    { url = "https://files.pythonhosted.org/packages/4e/ef/f2cb7a0f7e1ed800a604f8ab256fb0afcf03c1540ad94ff771ce31e794aa/bcrypt-4.2.1-cp37-abi3-musllinux_1_1_aarch64.whl", hash = "sha256:b7703ede632dc945ed1172d6f24e9f30f27b1b1a067f32f68bf169c5f08d0425", size = 306851 },
    { url = "https://files.pythonhosted.org/packages/de/cb/578b0023c6a5ca16a177b9044ba6bd6032277bd3ef020fb863eccd22e49b/bcrypt-4.2.1-cp37-abi3-musllinux_1_1_x86_64.whl", hash = "sha256:89df2aea2c43be1e1fa066df5f86c8ce822ab70a30e4c210968669565c0f4685", size = 310793 },
    { url = "https://files.pythonhosted.org/packages/98/bc/9d501ee9d754f63d4b1086b64756c284facc3696de9b556c146279a124a5/bcrypt-4.2.1-cp37-abi3-musllinux_1_2_aarch64.whl", hash = "sha256:04e56e3fe8308a88b77e0afd20bec516f74aecf391cdd6e374f15cbed32783d6", size = 320957 },
    { url = "https://files.pythonhosted.org/packages/a1/25/2ec4ce5740abc43182bfc064b9acbbf5a493991246985e8b2bfe231ead64/bcrypt-4.2.1-cp37-abi3-musllinux_1_2_x86_64.whl", hash = "sha256:cfdf3d7530c790432046c40cda41dfee8c83e29482e6a604f8930b9930e94139", size = 339958 },
    { url = "https://files.pythonhosted.org/packages/6d/64/fd67788f64817727897d31e9cdeeeba3941eaad8540733c05c7eac4aa998/bcrypt-4.2.1-cp37-abi3-win32.whl", hash = "sha256:adadd36274510a01f33e6dc08f5824b97c9580583bd4487c564fc4617b328005", size = 160912 },
    { url = "https://files.pythonhosted.org/packages/00/8f/fe834eaa54abbd7cab8607e5020fa3a0557e929555b9e4ca404b4adaab06/bcrypt-4.2.1-cp37-abi3-win_amd64.whl", hash = "sha256:8c458cd103e6c5d1d85cf600e546a639f234964d0228909d8f8dbeebff82d526", size = 152981 },
    { url = "https://files.pythonhosted.org/packages/4a/57/23b46933206daf5384b5397d9878746d2249fe9d45efaa8e1467c87d3048/bcrypt-4.2.1-cp39-abi3-macosx_10_12_universal2.whl", hash = "sha256:8ad2f4528cbf0febe80e5a3a57d7a74e6635e41af1ea5675282a33d769fba413", size = 489842 },
    { url = "https://files.pythonhosted.org/packages/fd/28/3ea8a39ddd4938b6c6b6136816d72ba5e659e2d82b53d843c8c53455ac4d/bcrypt-4.2.1-cp39-abi3-manylinux_2_17_aarch64.manylinux2014_aarch64.whl", hash = "sha256:909faa1027900f2252a9ca5dfebd25fc0ef1417943824783d1c8418dd7d6df4a", size = 272500 },
    { url = "https://files.pythonhosted.org/packages/77/7f/b43622999f5d4de06237a195ac5501ac83516adf571b907228cd14bac8fe/bcrypt-4.2.1-cp39-abi3-manylinux_2_17_x86_64.manylinux2014_x86_64.whl", hash = "sha256:cde78d385d5e93ece5479a0a87f73cd6fa26b171c786a884f955e165032b262c", size = 278368 },
    { url = "https://files.pythonhosted.org/packages/50/68/f2e3959014b4d8874c747e6e171d46d3e63a3a39aaca8417a8d837eda0a8/bcrypt-4.2.1-cp39-abi3-manylinux_2_28_aarch64.whl", hash = "sha256:533e7f3bcf2f07caee7ad98124fab7499cb3333ba2274f7a36cf1daee7409d99", size = 273335 },
    { url = "https://files.pythonhosted.org/packages/d6/c3/4b4bad4da852924427c651589d464ad1aa624f94dd904ddda8493b0a35e5/bcrypt-4.2.1-cp39-abi3-manylinux_2_28_x86_64.whl", hash = "sha256:687cf30e6681eeda39548a93ce9bfbb300e48b4d445a43db4298d2474d2a1e54", size = 278614 },
    { url = "https://files.pythonhosted.org/packages/6e/5a/ee107961e84c41af2ac201d0460f962b6622ff391255ffd46429e9e09dc1/bcrypt-4.2.1-cp39-abi3-musllinux_1_1_aarch64.whl", hash = "sha256:041fa0155c9004eb98a232d54da05c0b41d4b8e66b6fc3cb71b4b3f6144ba837", size = 306464 },
    { url = "https://files.pythonhosted.org/packages/5c/72/916e14fa12d2b1d1fc6c26ea195337419da6dd23d0bf53ac61ef3739e5c5/bcrypt-4.2.1-cp39-abi3-musllinux_1_1_x86_64.whl", hash = "sha256:f85b1ffa09240c89aa2e1ae9f3b1c687104f7b2b9d2098da4e923f1b7082d331", size = 310674 },
    { url = "https://files.pythonhosted.org/packages/97/92/3dc76d8bfa23300591eec248e950f85bd78eb608c96bd4747ce4cc06acdb/bcrypt-4.2.1-cp39-abi3-musllinux_1_2_aarch64.whl", hash = "sha256:c6f5fa3775966cca251848d4d5393ab016b3afed251163c1436fefdec3b02c84", size = 320577 },
    { url = "https://files.pythonhosted.org/packages/5d/ab/a6c0da5c2cf86600f74402a72b06dfe365e1a1d30783b1bbeec460fd57d1/bcrypt-4.2.1-cp39-abi3-musllinux_1_2_x86_64.whl", hash = "sha256:807261df60a8b1ccd13e6599c779014a362ae4e795f5c59747f60208daddd96d", size = 339836 },
    { url = "https://files.pythonhosted.org/packages/b4/b4/e75b6e9a72a030a04362034022ebe317c5b735d04db6ad79237101ae4a5c/bcrypt-4.2.1-cp39-abi3-win32.whl", hash = "sha256:b588af02b89d9fad33e5f98f7838bf590d6d692df7153647724a7f20c186f6bf", size = 160911 },
    { url = "https://files.pythonhosted.org/packages/76/b9/d51d34e6cd6d887adddb28a8680a1d34235cc45b9d6e238ce39b98199ca0/bcrypt-4.2.1-cp39-abi3-win_amd64.whl", hash = "sha256:e84e0e6f8e40a242b11bce56c313edc2be121cec3e0ec2d76fce01f6af33c07c", size = 153078 },
]

[[package]]
name = "blinker"
version = "1.9.0"
source = { registry = "https://pypi.org/simple" }
sdist = { url = "https://files.pythonhosted.org/packages/21/28/9b3f50ce0e048515135495f198351908d99540d69bfdc8c1d15b73dc55ce/blinker-1.9.0.tar.gz", hash = "sha256:b4ce2265a7abece45e7cc896e98dbebe6cead56bcf805a3d23136d145f5445bf", size = 22460 }
wheels = [
    { url = "https://files.pythonhosted.org/packages/10/cb/f2ad4230dc2eb1a74edf38f1a38b9b52277f75bef262d8908e60d957e13c/blinker-1.9.0-py3-none-any.whl", hash = "sha256:ba0efaa9080b619ff2f3459d1d500c57bddea4a6b424b60a91141db6fd2f08bc", size = 8458 },
]

[[package]]
name = "click"
version = "8.1.8"
source = { registry = "https://pypi.org/simple" }
dependencies = [
    { name = "colorama", marker = "sys_platform == 'win32'" },
]
sdist = { url = "https://files.pythonhosted.org/packages/b9/2e/0090cbf739cee7d23781ad4b89a9894a41538e4fcf4c31dcdd705b78eb8b/click-8.1.8.tar.gz", hash = "sha256:ed53c9d8990d83c2a27deae68e4ee337473f6330c040a31d4225c9574d16096a", size = 226593 }
wheels = [
    { url = "https://files.pythonhosted.org/packages/7e/d4/7ebdbd03970677812aac39c869717059dbb71a4cfc033ca6e5221787892c/click-8.1.8-py3-none-any.whl", hash = "sha256:63c132bbbed01578a06712a2d1f497bb62d9c1c0d329b7903a866228027263b2", size = 98188 },
]

[[package]]
name = "colorama"
version = "0.4.6"
source = { registry = "https://pypi.org/simple" }
sdist = { url = "https://files.pythonhosted.org/packages/d8/53/6f443c9a4a8358a93a6792e2acffb9d9d5cb0a5cfd8802644b7b1c9a02e4/colorama-0.4.6.tar.gz", hash = "sha256:08695f5cb7ed6e0531a20572697297273c47b8cae5a63ffc6d6ed5c201be6e44", size = 27697 }
wheels = [
    { url = "https://files.pythonhosted.org/packages/d1/d6/3965ed04c63042e047cb6a3e6ed1a63a35087b6a609aa3a15ed8ac56c221/colorama-0.4.6-py2.py3-none-any.whl", hash = "sha256:4f1d9991f5acc0ca119f9d443620b77f9d6b33703e51011c16baf57afb285fc6", size = 25335 },
]

[[package]]
name = "dnspython"
version = "2.7.0"
source = { registry = "https://pypi.org/simple" }
sdist = { url = "https://files.pythonhosted.org/packages/b5/4a/263763cb2ba3816dd94b08ad3a33d5fdae34ecb856678773cc40a3605829/dnspython-2.7.0.tar.gz", hash = "sha256:ce9c432eda0dc91cf618a5cedf1a4e142651196bbcd2c80e89ed5a907e5cfaf1", size = 345197 }
wheels = [
    { url = "https://files.pythonhosted.org/packages/68/1b/e0a87d256e40e8c888847551b20a017a6b98139178505dc7ffb96f04e954/dnspython-2.7.0-py3-none-any.whl", hash = "sha256:b4c34b7d10b51bcc3a5071e7b8dee77939f1e878477eeecc965e9835f63c6c86", size = 313632 },
]

[[package]]
name = "flask"
version = "3.1.0"
source = { registry = "https://pypi.org/simple" }
dependencies = [
    { name = "blinker" },
    { name = "click" },
    { name = "itsdangerous" },
    { name = "jinja2" },
    { name = "werkzeug" },
]
sdist = { url = "https://files.pythonhosted.org/packages/89/50/dff6380f1c7f84135484e176e0cac8690af72fa90e932ad2a0a60e28c69b/flask-3.1.0.tar.gz", hash = "sha256:5f873c5184c897c8d9d1b05df1e3d01b14910ce69607a117bd3277098a5836ac", size = 680824 }
wheels = [
    { url = "https://files.pythonhosted.org/packages/af/47/93213ee66ef8fae3b93b3e29206f6b251e65c97bd91d8e1c5596ef15af0a/flask-3.1.0-py3-none-any.whl", hash = "sha256:d667207822eb83f1c4b50949b1623c8fc8d51f2341d65f72e1a1815397551136", size = 102979 },
]

[[package]]
name = "flask-bcrypt"
version = "1.0.1"
source = { registry = "https://pypi.org/simple" }
dependencies = [
    { name = "bcrypt" },
    { name = "flask" },
]
sdist = { url = "https://files.pythonhosted.org/packages/0c/f4/25dccfafad391d305b63eb6031e7c1dbb757169d54d3a73292939201698e/Flask-Bcrypt-1.0.1.tar.gz", hash = "sha256:f07b66b811417ea64eb188ae6455b0b708a793d966e1a80ceec4a23bc42a4369", size = 5996 }
wheels = [
    { url = "https://files.pythonhosted.org/packages/8b/72/af9a3a3dbcf7463223c089984b8dd4f1547593819e24d57d9dc5873e04fe/Flask_Bcrypt-1.0.1-py3-none-any.whl", hash = "sha256:062fd991dc9118d05ac0583675507b9fe4670e44416c97e0e6819d03d01f808a", size = 6050 },
]

[[package]]
name = "flask-pymongo"
version = "3.0.1"
source = { registry = "https://pypi.org/simple" }
dependencies = [
    { name = "flask" },
    { name = "pymongo" },
]
sdist = { url = "https://files.pythonhosted.org/packages/89/22/0b3dd3989ab1636e2fb97f4760ffd858ef77eaa0e84779e2c997f6da9c04/flask_pymongo-3.0.1.tar.gz", hash = "sha256:d225b51c21ceca2e670e6cca79b5c584ad17b96252b48e84e3b423ddb73304cc", size = 7280 }
wheels = [
    { url = "https://files.pythonhosted.org/packages/6a/0b/5142f1b76332c0121c85a9fb5a10dce40bb10d586eea4fda3711abb6c2a4/flask_pymongo-3.0.1-py3-none-any.whl", hash = "sha256:c75a4a9d7f4dc41ddefcfe75d2a0a259049071d285242c1338c42c64dd1223d9", size = 11061 },
]

[[package]]
name = "itsdangerous"
version = "2.2.0"
source = { registry = "https://pypi.org/simple" }
sdist = { url = "https://files.pythonhosted.org/packages/9c/cb/8ac0172223afbccb63986cc25049b154ecfb5e85932587206f42317be31d/itsdangerous-2.2.0.tar.gz", hash = "sha256:e0050c0b7da1eea53ffaf149c0cfbb5c6e2e2b69c4bef22c81fa6eb73e5f6173", size = 54410 }
wheels = [
    { url = "https://files.pythonhosted.org/packages/04/96/92447566d16df59b2a776c0fb82dbc4d9e07cd95062562af01e408583fc4/itsdangerous-2.2.0-py3-none-any.whl", hash = "sha256:c6242fc49e35958c8b15141343aa660db5fc54d4f13a1db01a3f5891b98700ef", size = 16234 },
]

[[package]]
name = "jinja2"
version = "3.1.5"
source = { registry = "https://pypi.org/simple" }
dependencies = [
    { name = "markupsafe" },
]
sdist = { url = "https://files.pythonhosted.org/packages/af/92/b3130cbbf5591acf9ade8708c365f3238046ac7cb8ccba6e81abccb0ccff/jinja2-3.1.5.tar.gz", hash = "sha256:8fefff8dc3034e27bb80d67c671eb8a9bc424c0ef4c0826edbff304cceff43bb", size = 244674 }
wheels = [
    { url = "https://files.pythonhosted.org/packages/bd/0f/2ba5fbcd631e3e88689309dbe978c5769e883e4b84ebfe7da30b43275c5a/jinja2-3.1.5-py3-none-any.whl", hash = "sha256:aba0f4dc9ed8013c424088f68a5c226f7d6097ed89b246d7749c2ec4175c6adb", size = 134596 },
]

[[package]]
name = "markupsafe"
version = "3.0.2"
source = { registry = "https://pypi.org/simple" }
sdist = { url = "https://files.pythonhosted.org/packages/b2/97/5d42485e71dfc078108a86d6de8fa46db44a1a9295e89c5d6d4a06e23a62/markupsafe-3.0.2.tar.gz", hash = "sha256:ee55d3edf80167e48ea11a923c7386f4669df67d7994554387f84e7d8b0a2bf0", size = 20537 }
wheels = [
    { url = "https://files.pythonhosted.org/packages/6b/28/bbf83e3f76936960b850435576dd5e67034e200469571be53f69174a2dfd/MarkupSafe-3.0.2-cp311-cp311-macosx_10_9_universal2.whl", hash = "sha256:9025b4018f3a1314059769c7bf15441064b2207cb3f065e6ea1e7359cb46db9d", size = 14353 },
    { url = "https://files.pythonhosted.org/packages/6c/30/316d194b093cde57d448a4c3209f22e3046c5bb2fb0820b118292b334be7/MarkupSafe-3.0.2-cp311-cp311-macosx_11_0_arm64.whl", hash = "sha256:93335ca3812df2f366e80509ae119189886b0f3c2b81325d39efdb84a1e2ae93", size = 12392 },
    { url = "https://files.pythonhosted.org/packages/f2/96/9cdafba8445d3a53cae530aaf83c38ec64c4d5427d975c974084af5bc5d2/MarkupSafe-3.0.2-cp311-cp311-manylinux_2_17_aarch64.manylinux2014_aarch64.whl", hash = "sha256:2cb8438c3cbb25e220c2ab33bb226559e7afb3baec11c4f218ffa7308603c832", size = 23984 },
    { url = "https://files.pythonhosted.org/packages/f1/a4/aefb044a2cd8d7334c8a47d3fb2c9f328ac48cb349468cc31c20b539305f/MarkupSafe-3.0.2-cp311-cp311-manylinux_2_17_x86_64.manylinux2014_x86_64.whl", hash = "sha256:a123e330ef0853c6e822384873bef7507557d8e4a082961e1defa947aa59ba84", size = 23120 },
    { url = "https://files.pythonhosted.org/packages/8d/21/5e4851379f88f3fad1de30361db501300d4f07bcad047d3cb0449fc51f8c/MarkupSafe-3.0.2-cp311-cp311-manylinux_2_5_i686.manylinux1_i686.manylinux_2_17_i686.manylinux2014_i686.whl", hash = "sha256:1e084f686b92e5b83186b07e8a17fc09e38fff551f3602b249881fec658d3eca", size = 23032 },
    { url = "https://files.pythonhosted.org/packages/00/7b/e92c64e079b2d0d7ddf69899c98842f3f9a60a1ae72657c89ce2655c999d/MarkupSafe-3.0.2-cp311-cp311-musllinux_1_2_aarch64.whl", hash = "sha256:d8213e09c917a951de9d09ecee036d5c7d36cb6cb7dbaece4c71a60d79fb9798", size = 24057 },
    { url = "https://files.pythonhosted.org/packages/f9/ac/46f960ca323037caa0a10662ef97d0a4728e890334fc156b9f9e52bcc4ca/MarkupSafe-3.0.2-cp311-cp311-musllinux_1_2_i686.whl", hash = "sha256:5b02fb34468b6aaa40dfc198d813a641e3a63b98c2b05a16b9f80b7ec314185e", size = 23359 },
    { url = "https://files.pythonhosted.org/packages/69/84/83439e16197337b8b14b6a5b9c2105fff81d42c2a7c5b58ac7b62ee2c3b1/MarkupSafe-3.0.2-cp311-cp311-musllinux_1_2_x86_64.whl", hash = "sha256:0bff5e0ae4ef2e1ae4fdf2dfd5b76c75e5c2fa4132d05fc1b0dabcd20c7e28c4", size = 23306 },
    { url = "https://files.pythonhosted.org/packages/9a/34/a15aa69f01e2181ed8d2b685c0d2f6655d5cca2c4db0ddea775e631918cd/MarkupSafe-3.0.2-cp311-cp311-win32.whl", hash = "sha256:6c89876f41da747c8d3677a2b540fb32ef5715f97b66eeb0c6b66f5e3ef6f59d", size = 15094 },
    { url = "https://files.pythonhosted.org/packages/da/b8/3a3bd761922d416f3dc5d00bfbed11f66b1ab89a0c2b6e887240a30b0f6b/MarkupSafe-3.0.2-cp311-cp311-win_amd64.whl", hash = "sha256:70a87b411535ccad5ef2f1df5136506a10775d267e197e4cf531ced10537bd6b", size = 15521 },
    { url = "https://files.pythonhosted.org/packages/22/09/d1f21434c97fc42f09d290cbb6350d44eb12f09cc62c9476effdb33a18aa/MarkupSafe-3.0.2-cp312-cp312-macosx_10_13_universal2.whl", hash = "sha256:9778bd8ab0a994ebf6f84c2b949e65736d5575320a17ae8984a77fab08db94cf", size = 14274 },
    { url = "https://files.pythonhosted.org/packages/6b/b0/18f76bba336fa5aecf79d45dcd6c806c280ec44538b3c13671d49099fdd0/MarkupSafe-3.0.2-cp312-cp312-macosx_11_0_arm64.whl", hash = "sha256:846ade7b71e3536c4e56b386c2a47adf5741d2d8b94ec9dc3e92e5e1ee1e2225", size = 12348 },
    { url = "https://files.pythonhosted.org/packages/e0/25/dd5c0f6ac1311e9b40f4af06c78efde0f3b5cbf02502f8ef9501294c425b/MarkupSafe-3.0.2-cp312-cp312-manylinux_2_17_aarch64.manylinux2014_aarch64.whl", hash = "sha256:1c99d261bd2d5f6b59325c92c73df481e05e57f19837bdca8413b9eac4bd8028", size = 24149 },
    { url = "https://files.pythonhosted.org/packages/f3/f0/89e7aadfb3749d0f52234a0c8c7867877876e0a20b60e2188e9850794c17/MarkupSafe-3.0.2-cp312-cp312-manylinux_2_17_x86_64.manylinux2014_x86_64.whl", hash = "sha256:e17c96c14e19278594aa4841ec148115f9c7615a47382ecb6b82bd8fea3ab0c8", size = 23118 },
    { url = "https://files.pythonhosted.org/packages/d5/da/f2eeb64c723f5e3777bc081da884b414671982008c47dcc1873d81f625b6/MarkupSafe-3.0.2-cp312-cp312-manylinux_2_5_i686.manylinux1_i686.manylinux_2_17_i686.manylinux2014_i686.whl", hash = "sha256:88416bd1e65dcea10bc7569faacb2c20ce071dd1f87539ca2ab364bf6231393c", size = 22993 },
    { url = "https://files.pythonhosted.org/packages/da/0e/1f32af846df486dce7c227fe0f2398dc7e2e51d4a370508281f3c1c5cddc/MarkupSafe-3.0.2-cp312-cp312-musllinux_1_2_aarch64.whl", hash = "sha256:2181e67807fc2fa785d0592dc2d6206c019b9502410671cc905d132a92866557", size = 24178 },
    { url = "https://files.pythonhosted.org/packages/c4/f6/bb3ca0532de8086cbff5f06d137064c8410d10779c4c127e0e47d17c0b71/MarkupSafe-3.0.2-cp312-cp312-musllinux_1_2_i686.whl", hash = "sha256:52305740fe773d09cffb16f8ed0427942901f00adedac82ec8b67752f58a1b22", size = 23319 },
    { url = "https://files.pythonhosted.org/packages/a2/82/8be4c96ffee03c5b4a034e60a31294daf481e12c7c43ab8e34a1453ee48b/MarkupSafe-3.0.2-cp312-cp312-musllinux_1_2_x86_64.whl", hash = "sha256:ad10d3ded218f1039f11a75f8091880239651b52e9bb592ca27de44eed242a48", size = 23352 },
    { url = "https://files.pythonhosted.org/packages/51/ae/97827349d3fcffee7e184bdf7f41cd6b88d9919c80f0263ba7acd1bbcb18/MarkupSafe-3.0.2-cp312-cp312-win32.whl", hash = "sha256:0f4ca02bea9a23221c0182836703cbf8930c5e9454bacce27e767509fa286a30", size = 15097 },
    { url = "https://files.pythonhosted.org/packages/c1/80/a61f99dc3a936413c3ee4e1eecac96c0da5ed07ad56fd975f1a9da5bc630/MarkupSafe-3.0.2-cp312-cp312-win_amd64.whl", hash = "sha256:8e06879fc22a25ca47312fbe7c8264eb0b662f6db27cb2d3bbbc74b1df4b9b87", size = 15601 },
    { url = "https://files.pythonhosted.org/packages/83/0e/67eb10a7ecc77a0c2bbe2b0235765b98d164d81600746914bebada795e97/MarkupSafe-3.0.2-cp313-cp313-macosx_10_13_universal2.whl", hash = "sha256:ba9527cdd4c926ed0760bc301f6728ef34d841f405abf9d4f959c478421e4efd", size = 14274 },
    { url = "https://files.pythonhosted.org/packages/2b/6d/9409f3684d3335375d04e5f05744dfe7e9f120062c9857df4ab490a1031a/MarkupSafe-3.0.2-cp313-cp313-macosx_11_0_arm64.whl", hash = "sha256:f8b3d067f2e40fe93e1ccdd6b2e1d16c43140e76f02fb1319a05cf2b79d99430", size = 12352 },
    { url = "https://files.pythonhosted.org/packages/d2/f5/6eadfcd3885ea85fe2a7c128315cc1bb7241e1987443d78c8fe712d03091/MarkupSafe-3.0.2-cp313-cp313-manylinux_2_17_aarch64.manylinux2014_aarch64.whl", hash = "sha256:569511d3b58c8791ab4c2e1285575265991e6d8f8700c7be0e88f86cb0672094", size = 24122 },
    { url = "https://files.pythonhosted.org/packages/0c/91/96cf928db8236f1bfab6ce15ad070dfdd02ed88261c2afafd4b43575e9e9/MarkupSafe-3.0.2-cp313-cp313-manylinux_2_17_x86_64.manylinux2014_x86_64.whl", hash = "sha256:15ab75ef81add55874e7ab7055e9c397312385bd9ced94920f2802310c930396", size = 23085 },
    { url = "https://files.pythonhosted.org/packages/c2/cf/c9d56af24d56ea04daae7ac0940232d31d5a8354f2b457c6d856b2057d69/MarkupSafe-3.0.2-cp313-cp313-manylinux_2_5_i686.manylinux1_i686.manylinux_2_17_i686.manylinux2014_i686.whl", hash = "sha256:f3818cb119498c0678015754eba762e0d61e5b52d34c8b13d770f0719f7b1d79", size = 22978 },
    { url = "https://files.pythonhosted.org/packages/2a/9f/8619835cd6a711d6272d62abb78c033bda638fdc54c4e7f4272cf1c0962b/MarkupSafe-3.0.2-cp313-cp313-musllinux_1_2_aarch64.whl", hash = "sha256:cdb82a876c47801bb54a690c5ae105a46b392ac6099881cdfb9f6e95e4014c6a", size = 24208 },
    { url = "https://files.pythonhosted.org/packages/f9/bf/176950a1792b2cd2102b8ffeb5133e1ed984547b75db47c25a67d3359f77/MarkupSafe-3.0.2-cp313-cp313-musllinux_1_2_i686.whl", hash = "sha256:cabc348d87e913db6ab4aa100f01b08f481097838bdddf7c7a84b7575b7309ca", size = 23357 },
    { url = "https://files.pythonhosted.org/packages/ce/4f/9a02c1d335caabe5c4efb90e1b6e8ee944aa245c1aaaab8e8a618987d816/MarkupSafe-3.0.2-cp313-cp313-musllinux_1_2_x86_64.whl", hash = "sha256:444dcda765c8a838eaae23112db52f1efaf750daddb2d9ca300bcae1039adc5c", size = 23344 },
    { url = "https://files.pythonhosted.org/packages/ee/55/c271b57db36f748f0e04a759ace9f8f759ccf22b4960c270c78a394f58be/MarkupSafe-3.0.2-cp313-cp313-win32.whl", hash = "sha256:bcf3e58998965654fdaff38e58584d8937aa3096ab5354d493c77d1fdd66d7a1", size = 15101 },
    { url = "https://files.pythonhosted.org/packages/29/88/07df22d2dd4df40aba9f3e402e6dc1b8ee86297dddbad4872bd5e7b0094f/MarkupSafe-3.0.2-cp313-cp313-win_amd64.whl", hash = "sha256:e6a2a455bd412959b57a172ce6328d2dd1f01cb2135efda2e4576e8a23fa3b0f", size = 15603 },
    { url = "https://files.pythonhosted.org/packages/62/6a/8b89d24db2d32d433dffcd6a8779159da109842434f1dd2f6e71f32f738c/MarkupSafe-3.0.2-cp313-cp313t-macosx_10_13_universal2.whl", hash = "sha256:b5a6b3ada725cea8a5e634536b1b01c30bcdcd7f9c6fff4151548d5bf6b3a36c", size = 14510 },
    { url = "https://files.pythonhosted.org/packages/7a/06/a10f955f70a2e5a9bf78d11a161029d278eeacbd35ef806c3fd17b13060d/MarkupSafe-3.0.2-cp313-cp313t-macosx_11_0_arm64.whl", hash = "sha256:a904af0a6162c73e3edcb969eeeb53a63ceeb5d8cf642fade7d39e7963a22ddb", size = 12486 },
    { url = "https://files.pythonhosted.org/packages/34/cf/65d4a571869a1a9078198ca28f39fba5fbb910f952f9dbc5220afff9f5e6/MarkupSafe-3.0.2-cp313-cp313t-manylinux_2_17_aarch64.manylinux2014_aarch64.whl", hash = "sha256:4aa4e5faecf353ed117801a068ebab7b7e09ffb6e1d5e412dc852e0da018126c", size = 25480 },
    { url = "https://files.pythonhosted.org/packages/0c/e3/90e9651924c430b885468b56b3d597cabf6d72be4b24a0acd1fa0e12af67/MarkupSafe-3.0.2-cp313-cp313t-manylinux_2_17_x86_64.manylinux2014_x86_64.whl", hash = "sha256:c0ef13eaeee5b615fb07c9a7dadb38eac06a0608b41570d8ade51c56539e509d", size = 23914 },
    { url = "https://files.pythonhosted.org/packages/66/8c/6c7cf61f95d63bb866db39085150df1f2a5bd3335298f14a66b48e92659c/MarkupSafe-3.0.2-cp313-cp313t-manylinux_2_5_i686.manylinux1_i686.manylinux_2_17_i686.manylinux2014_i686.whl", hash = "sha256:d16a81a06776313e817c951135cf7340a3e91e8c1ff2fac444cfd75fffa04afe", size = 23796 },
    { url = "https://files.pythonhosted.org/packages/bb/35/cbe9238ec3f47ac9a7c8b3df7a808e7cb50fe149dc7039f5f454b3fba218/MarkupSafe-3.0.2-cp313-cp313t-musllinux_1_2_aarch64.whl", hash = "sha256:6381026f158fdb7c72a168278597a5e3a5222e83ea18f543112b2662a9b699c5", size = 25473 },
    { url = "https://files.pythonhosted.org/packages/e6/32/7621a4382488aa283cc05e8984a9c219abad3bca087be9ec77e89939ded9/MarkupSafe-3.0.2-cp313-cp313t-musllinux_1_2_i686.whl", hash = "sha256:3d79d162e7be8f996986c064d1c7c817f6df3a77fe3d6859f6f9e7be4b8c213a", size = 24114 },
    { url = "https://files.pythonhosted.org/packages/0d/80/0985960e4b89922cb5a0bac0ed39c5b96cbc1a536a99f30e8c220a996ed9/MarkupSafe-3.0.2-cp313-cp313t-musllinux_1_2_x86_64.whl", hash = "sha256:131a3c7689c85f5ad20f9f6fb1b866f402c445b220c19fe4308c0b147ccd2ad9", size = 24098 },
    { url = "https://files.pythonhosted.org/packages/82/78/fedb03c7d5380df2427038ec8d973587e90561b2d90cd472ce9254cf348b/MarkupSafe-3.0.2-cp313-cp313t-win32.whl", hash = "sha256:ba8062ed2cf21c07a9e295d5b8a2a5ce678b913b45fdf68c32d95d6c1291e0b6", size = 15208 },
    { url = "https://files.pythonhosted.org/packages/4f/65/6079a46068dfceaeabb5dcad6d674f5f5c61a6fa5673746f42a9f4c233b3/MarkupSafe-3.0.2-cp313-cp313t-win_amd64.whl", hash = "sha256:e444a31f8db13eb18ada366ab3cf45fd4b31e4db1236a4448f68778c1d1a5a2f", size = 15739 },
]

[[package]]
name = "pymongo"
version = "4.11.1"
source = { registry = "https://pypi.org/simple" }
dependencies = [
    { name = "dnspython" },
]
sdist = { url = "https://files.pythonhosted.org/packages/c5/18/63fd06769a2f47842c374fc5d937445fe8dc2f31b3a859c8bf7df73daa14/pymongo-4.11.1.tar.gz", hash = "sha256:3757ce9257c3486eead45680a8895a0ed9ba27efaf1791fc0cf854367c21c638", size = 2054021 }
wheels = [
    { url = "https://files.pythonhosted.org/packages/20/ee/8caede1100c5d59eee723980e39acfad04c5267d45b4f0827cc42f5de994/pymongo-4.11.1-cp311-cp311-macosx_10_9_x86_64.whl", hash = "sha256:8ac125f2782d8fe3f3ff93a396af5482d694093b3be3e06052197096c83acadc", size = 840509 },
    { url = "https://files.pythonhosted.org/packages/33/2f/0df9ff0bb6a7b2812697dd9a3fb728fc0c7b4d035c85acf10eeb0b38579d/pymongo-4.11.1-cp311-cp311-macosx_11_0_arm64.whl", hash = "sha256:681806d3ecaf29b11e16a45c1f4c28f99d9d8283238f7b6ea9eee93b5d7bc6d2", size = 840802 },
    { url = "https://files.pythonhosted.org/packages/58/fb/167e3fef60d2269a1e536cf6edeb871a4b53683f9d03681d2744983e0540/pymongo-4.11.1-cp311-cp311-manylinux_2_17_aarch64.manylinux2014_aarch64.whl", hash = "sha256:50210249a9bf67937e97205a312b96a4b1250b111cbaaff532d7a61bc2b1562d", size = 1409951 },
    { url = "https://files.pythonhosted.org/packages/31/ff/f02900dac6d0374a98319cbbf3d6de3b3cd8cf5d1508d62062efb2084bcc/pymongo-4.11.1-cp311-cp311-manylinux_2_17_ppc64le.manylinux2014_ppc64le.whl", hash = "sha256:cdd0e404d5c3b1203ee61fcfee40a1f062f3780ce272febdc2378797b00401d1", size = 1460907 },
    { url = "https://files.pythonhosted.org/packages/a5/4b/2eed7b9b7f65278123f0e73b39d38df7d99f477cc1eef49b5aa62485b0a1/pymongo-4.11.1-cp311-cp311-manylinux_2_17_s390x.manylinux2014_s390x.whl", hash = "sha256:e6e46bcd3c2f86f442b721551ed5e5812294e4a93fce42517e173bd41d4cd2d8", size = 1435332 },
    { url = "https://files.pythonhosted.org/packages/55/dc/1ddce3af1dd5156f1f1178857f768c8a88a44f8cc791c1490192ce7fd24c/pymongo-4.11.1-cp311-cp311-manylinux_2_17_x86_64.manylinux2014_x86_64.whl", hash = "sha256:f28d179e7d434869e23f4582c941cb400f75e996cfea472693ec756ee213c685", size = 1414459 },
    { url = "https://files.pythonhosted.org/packages/bb/b9/cfb32aea974c7656d81a47c1a52d7c94bf491b057ffb66ecec070c4f207b/pymongo-4.11.1-cp311-cp311-manylinux_2_5_i686.manylinux1_i686.manylinux_2_17_i686.manylinux2014_i686.whl", hash = "sha256:b56dbb6883ce7adad8588464948e0723a3d881e5549f48c4767f1654e8e4cb7d", size = 1383103 },
    { url = "https://files.pythonhosted.org/packages/76/63/3768c99383e24ca16d59d860a1f799eccd02fc55a4e7588a72bf65740fe5/pymongo-4.11.1-cp311-cp311-win32.whl", hash = "sha256:27bc58e0b1bebb17d2426d0cc191c579f2eeaf9692be880f93fe4180cf850ca7", size = 817671 },
    { url = "https://files.pythonhosted.org/packages/1d/2d/044b8511853c8d439817dfee4b1d99060fb76cb08c980877fcb6a6bc1da1/pymongo-4.11.1-cp311-cp311-win_amd64.whl", hash = "sha256:7751e6e99c79057b09441c6ab2a93fae10b4028478aac5b455db8b12f884a3c0", size = 831620 },
    { url = "https://files.pythonhosted.org/packages/cc/8a/81fdd61a0764c0ba1072cd70f67c7f4a83008ceaa61305e20add2ad580c6/pymongo-4.11.1-cp312-cp312-macosx_10_13_x86_64.whl", hash = "sha256:f96683f1dec7d28f12fe43a4d5c0df35d6b80348a9fbf5aac47fa284332a1f92", size = 895365 },
    { url = "https://files.pythonhosted.org/packages/05/60/32910044b2329b7a580a1b4d4f895ecb9616cdffeb57c2d7622214659ac5/pymongo-4.11.1-cp312-cp312-macosx_11_0_arm64.whl", hash = "sha256:157e6a722d051c4bab3e6bc34a1f80fc98101cf2d12139a94e51638d023198c5", size = 895061 },
    { url = "https://files.pythonhosted.org/packages/00/11/30d3351f24cf8e652a0d5fe76e56a50478ea7e81dabcfea7339b1338cccd/pymongo-4.11.1-cp312-cp312-manylinux_2_17_aarch64.manylinux2014_aarch64.whl", hash = "sha256:74503e853758e1eaa1cad2df9c08c8c35a3d26222cf6426d2cde4b2e8593b9b3", size = 1673794 },
    { url = "https://files.pythonhosted.org/packages/a7/90/5ff61e8bad861621361868addeb34c4d2539a4c973a5767d1a266878cb32/pymongo-4.11.1-cp312-cp312-manylinux_2_17_ppc64le.manylinux2014_ppc64le.whl", hash = "sha256:b630596089106c968ddd252bde3fe692c420e24f214dd39ca517d26343d81012", size = 1738027 },
    { url = "https://files.pythonhosted.org/packages/d0/91/1fdf2843a664f01b8ca83d22cd7accb48f3a5371e61813a5451bc33f93c3/pymongo-4.11.1-cp312-cp312-manylinux_2_17_s390x.manylinux2014_s390x.whl", hash = "sha256:7007669eef871079d39a9bbcda0fbcd4252f9b575592804343d0b5c05849d65b", size = 1707052 },
    { url = "https://files.pythonhosted.org/packages/c6/f7/1bd23ea674c957b24256f9ef87875892801cf77b3d2535e59dd78b04db2e/pymongo-4.11.1-cp312-cp312-manylinux_2_17_x86_64.manylinux2014_x86_64.whl", hash = "sha256:488d1da6201e1350cfcd4deab599b32237ac2ac591180d44553a2c8e614f2c0e", size = 1677027 },
    { url = "https://files.pythonhosted.org/packages/62/42/077b138efd223ed3cd03f3b8622d2315096e7cd1d9476cd8f1cf219c420e/pymongo-4.11.1-cp312-cp312-manylinux_2_5_i686.manylinux1_i686.manylinux_2_17_i686.manylinux2014_i686.whl", hash = "sha256:908e65ab42cd4bf1ffeaafe8f11bb86b3f804d54227058794e33fff2963ccc86", size = 1636150 },
    { url = "https://files.pythonhosted.org/packages/c9/a5/f958fcdc944f97d02b6a46c94dbbcdde0d355639c8564974b31b4685e97a/pymongo-4.11.1-cp312-cp312-win32.whl", hash = "sha256:2d1d956c15dd05f1e41c61f0dbcaec59f274db4814cff2c3d9c2508f58004c39", size = 864029 },
    { url = "https://files.pythonhosted.org/packages/d2/e2/b1747eabad8bf172aa66fae50ed7290c4992b8adbeaddbe31944755dbed4/pymongo-4.11.1-cp312-cp312-win_amd64.whl", hash = "sha256:c71655f4188c70032ba56ac7ead688449e4f86a4ccd8e57201ee283f2f591e1d", size = 882299 },
    { url = "https://files.pythonhosted.org/packages/71/b6/dc403a4dda2adaf0f0088d3fcfe6eb17c9e16098eca98f705f2a8e73e693/pymongo-4.11.1-cp313-cp313-macosx_10_13_x86_64.whl", hash = "sha256:f845b46d77a5bcf0c9ee16f11c5bc84c63f4668d9ea4fc54cd923c8d48a1d521", size = 949622 },
    { url = "https://files.pythonhosted.org/packages/52/54/0572ffa3d1c43fec0bdd065c5008b57f7ce4da90e6c6ade0a3c32f34c21e/pymongo-4.11.1-cp313-cp313-macosx_11_0_arm64.whl", hash = "sha256:aadea45e01103f6ee4e80d76d4a27393a4e2bd93472ce4ebb894781f395e1053", size = 949301 },
    { url = "https://files.pythonhosted.org/packages/7f/d6/5bf309a20892f47898e7bc626cb3169a1120b16b2d7b7a60c3fab607907c/pymongo-4.11.1-cp313-cp313-manylinux_2_17_aarch64.manylinux2014_aarch64.whl", hash = "sha256:a63348c850df796199abef7e9afbd86c34449f56731c7ec70b3901df1f5c135b", size = 1937689 },
    { url = "https://files.pythonhosted.org/packages/16/03/1c792ab1e1e5a48fde005bbf739f04846ae48c8c8543a2f1e74ce42d465b/pymongo-4.11.1-cp313-cp313-manylinux_2_17_ppc64le.manylinux2014_ppc64le.whl", hash = "sha256:7dd7656794bfbfbe10723813332ec33eed29bd9bb7fc122c63829fd445eb8425", size = 2015119 },
    { url = "https://files.pythonhosted.org/packages/ad/cc/8765bbec58392929f414b5b26f4c3fe333bfb75ad2f03e92fc48c81bd25f/pymongo-4.11.1-cp313-cp313-manylinux_2_17_s390x.manylinux2014_s390x.whl", hash = "sha256:7146ae04300ce6f83b75c639e97c3d0ce873f30edaac4b719ae173e886b9ff90", size = 1978788 },
    { url = "https://files.pythonhosted.org/packages/77/a6/b700ccb2695f3233a12943e78760f68adc19516cf120949ad7c67fdc81a9/pymongo-4.11.1-cp313-cp313-manylinux_2_17_x86_64.manylinux2014_x86_64.whl", hash = "sha256:698fb3d13126c0719077c98b40378cb9a6f4ab4a72b7691779aa01f1f6c66493", size = 1939607 },
    { url = "https://files.pythonhosted.org/packages/d1/10/c0e4c38c7a6d318a80a4dcd8cfc42bfb8a072145f152089e5bc8d60db902/pymongo-4.11.1-cp313-cp313-manylinux_2_5_i686.manylinux1_i686.manylinux_2_17_i686.manylinux2014_i686.whl", hash = "sha256:f415d9569720f408cc4dcc171f60299d454b0414f120666e6fdd349d414bf010", size = 1889041 },
    { url = "https://files.pythonhosted.org/packages/1d/86/7145841c425e4f6b012116db38e3bf4652dce7b8537961b2391e3c52e051/pymongo-4.11.1-cp313-cp313-win32.whl", hash = "sha256:4aa2c40e391ca29a337bef2b46b495c3f24b5696a87a58f0a0676a8bf131f9f8", size = 910368 },
    { url = "https://files.pythonhosted.org/packages/a0/d4/97632e8f230e95a877220c785a69478cae97610e1ec48b5f9be59a926b29/pymongo-4.11.1-cp313-cp313-win_amd64.whl", hash = "sha256:1f871efa14a1f368559edff39ec03799ca108bfa8e1ba330b7ffc05eb958661f", size = 932942 },
    { url = "https://files.pythonhosted.org/packages/db/61/f719841bc59d3d33c6002950e8b9978705b6f9f1dd5efb66e73fe6919a7d/pymongo-4.11.1-cp313-cp313t-macosx_10_13_x86_64.whl", hash = "sha256:d293cec18624825937bd7f1d8bacf16104c79ced45a8ada93f08ec8a7a2ad17a", size = 1006140 },
    { url = "https://files.pythonhosted.org/packages/cb/05/f43900c675e158cc024bc82a062dfcaaf12d4d7f574947b73f41d843d189/pymongo-4.11.1-cp313-cp313t-macosx_11_0_arm64.whl", hash = "sha256:7b3ea3494f3e166a524529bb05a4fdda97afd77031fed3a63862fd815288c9df", size = 1006124 },
    { url = "https://files.pythonhosted.org/packages/31/2f/7bccadbcf272b5e8c617a6a329b07671ecfd1faea080d9ab311240b93737/pymongo-4.11.1-cp313-cp313t-manylinux_2_17_aarch64.manylinux2014_aarch64.whl", hash = "sha256:d12f4c4579076b7351c63378e22f43d4ce4ed4f2c93208b653c4752f18f47309", size = 2266399 },
    { url = "https://files.pythonhosted.org/packages/78/ac/6bf48a7c99b574c9afcb0f68b7a8b9bf9617a1a54773d0f8b1568f8a079c/pymongo-4.11.1-cp313-cp313t-manylinux_2_17_ppc64le.manylinux2014_ppc64le.whl", hash = "sha256:0a8aba4818350d2a463e084ae2426d395e725525fe86bd0219240b265dc1ca52", size = 2353616 },
    { url = "https://files.pythonhosted.org/packages/3c/f3/c4cd608ddda2dbc7fa668dd8356bb728313b8eec5b118eca3fa937d4fc8c/pymongo-4.11.1-cp313-cp313t-manylinux_2_17_s390x.manylinux2014_s390x.whl", hash = "sha256:f97f62e6edde15d1d3d08abd7e43f1787ee9e672b1bb8e9d9f5fd6ded24f5599", size = 2312480 },
    { url = "https://files.pythonhosted.org/packages/c8/3e/2261ac8e0b6a150d92d35ba2db30b8387c78f9ecba725b0b6a363250f9c6/pymongo-4.11.1-cp313-cp313t-manylinux_2_17_x86_64.manylinux2014_x86_64.whl", hash = "sha256:8a4e82dce301c97bb132dec28a487c1a609dc67948e9db7cbd23485875367204", size = 2263792 },
    { url = "https://files.pythonhosted.org/packages/73/80/41568f1ff09cb73976f7e6f9d11dae63003e4c1156834366ad03f91f27df/pymongo-4.11.1-cp313-cp313t-manylinux_2_5_i686.manylinux1_i686.manylinux_2_17_i686.manylinux2014_i686.whl", hash = "sha256:985a614ec24519f4a3d82aafb766c3f782a452fc46b32112d508a4e19b33fff3", size = 2202805 },
    { url = "https://files.pythonhosted.org/packages/0c/d3/d7ca22d5eb654a451e18f616442b7c6d472ffe76560d6623a2a4ddfd4854/pymongo-4.11.1-cp313-cp313t-win32.whl", hash = "sha256:889d20850d5aaa4f19814462c06488553e70ed4c62195dbaad5d5662884778af", size = 959247 },
    { url = "https://files.pythonhosted.org/packages/95/7b/8d0767251e687966cf19a4ad032d597ab135d26af5ecebbdb8895ea92cf0/pymongo-4.11.1-cp313-cp313t-win_amd64.whl", hash = "sha256:3854db4be39cb9e0c34add1fd7e515deab0b4ee30f3cc3978e057746d119ac12", size = 987871 },
]

[[package]]
name = "taximetro-web"
version = "0.1.0"
source = { virtual = "." }
dependencies = [
    { name = "flask" },
    { name = "flask-bcrypt" },
    { name = "flask-pymongo" },
]

[package.metadata]
requires-dist = [
    { name = "flask", specifier = ">=3.1.0" },
    { name = "flask-bcrypt", specifier = ">=1.0.1" },
    { name = "flask-pymongo", specifier = ">=3.0.1" },
]

[[package]]
name = "werkzeug"
version = "3.1.3"
source = { registry = "https://pypi.org/simple" }
dependencies = [
    { name = "markupsafe" },
]
sdist = { url = "https://files.pythonhosted.org/packages/9f/69/83029f1f6300c5fb2471d621ab06f6ec6b3324685a2ce0f9777fd4a8b71e/werkzeug-3.1.3.tar.gz", hash = "sha256:60723ce945c19328679790e3282cc758aa4a6040e4bb330f53d30fa546d44746", size = 806925 }
wheels = [
    { url = "https://files.pythonhosted.org/packages/52/24/ab44c871b0f07f491e5d2ad12c9bd7358e527510618cb1b803a88e986db1/werkzeug-3.1.3-py3-none-any.whl", hash = "sha256:54b78bf3716d19a65be4fceccc0d1d7b89e608834989dfae50ea87564639213e", size = 224498 },
]
